// !$*UTF8*$!
{
	archiveVersion = 1;
	classes = {
	};
	objectVersion = 50;
	objects = {

/* Begin PBXBuildFile section */
		186C78F1D7257C044491BF5C /* Pods_Farmatodo.framework in Frameworks */ = {isa = PBXBuildFile; fileRef = A622CBAE6FFA97C8DD0B3F97 /* Pods_Farmatodo.framework */; };
		A416BE9B217EA657009D0BC9 /* AppDelegate.swift in Sources */ = {isa = PBXBuildFile; fileRef = A416BE9A217EA657009D0BC9 /* AppDelegate.swift */; };
		A416BE9D217EA657009D0BC9 /* ViewController.swift in Sources */ = {isa = PBXBuildFile; fileRef = A416BE9C217EA657009D0BC9 /* ViewController.swift */; };
		A416BEA0217EA657009D0BC9 /* Main.storyboard in Resources */ = {isa = PBXBuildFile; fileRef = A416BE9E217EA657009D0BC9 /* Main.storyboard */; };
		A416BEA2217EA65D009D0BC9 /* Assets.xcassets in Resources */ = {isa = PBXBuildFile; fileRef = A416BEA1217EA65D009D0BC9 /* Assets.xcassets */; };
		A416BEA5217EA65D009D0BC9 /* LaunchScreen.storyboard in Resources */ = {isa = PBXBuildFile; fileRef = A416BEA3217EA65D009D0BC9 /* LaunchScreen.storyboard */; };
		A416BEB1217EAB11009D0BC9 /* mStringMath.swift in Sources */ = {isa = PBXBuildFile; fileRef = A416BEB0217EAB11009D0BC9 /* mStringMath.swift */; };
		A416BEB3217EABF5009D0BC9 /* mMarvel.swift in Sources */ = {isa = PBXBuildFile; fileRef = A416BEB2217EABF5009D0BC9 /* mMarvel.swift */; };
		A416BEB5217EAC0C009D0BC9 /* stringMathViewModel.swift in Sources */ = {isa = PBXBuildFile; fileRef = A416BEB4217EAC0C009D0BC9 /* stringMathViewModel.swift */; };
		A416BEB7217EAC20009D0BC9 /* MarvelViewModel.swift in Sources */ = {isa = PBXBuildFile; fileRef = A416BEB6217EAC20009D0BC9 /* MarvelViewModel.swift */; };
		A416BEB9217EAC5F009D0BC9 /* StringMathController.swift in Sources */ = {isa = PBXBuildFile; fileRef = A416BEB8217EAC5F009D0BC9 /* StringMathController.swift */; };
		A416BEBB217EAC6E009D0BC9 /* MarvelController.swift in Sources */ = {isa = PBXBuildFile; fileRef = A416BEBA217EAC6E009D0BC9 /* MarvelController.swift */; };
		A416BEBD217EAC8F009D0BC9 /* DetailMarvelController.swift in Sources */ = {isa = PBXBuildFile; fileRef = A416BEBC217EAC8F009D0BC9 /* DetailMarvelController.swift */; };
		A416BEC1217ED190009D0BC9 /* vStringMath.swift in Sources */ = {isa = PBXBuildFile; fileRef = A416BEC0217ED190009D0BC9 /* vStringMath.swift */; };
		A416BEC4217F64E8009D0BC9 /* vMarvelController.swift in Sources */ = {isa = PBXBuildFile; fileRef = A416BEC3217F64E8009D0BC9 /* vMarvelController.swift */; };
		A416BEC7217F7182009D0BC9 /* MarvelService.swift in Sources */ = {isa = PBXBuildFile; fileRef = A416BEC6217F7182009D0BC9 /* MarvelService.swift */; };
		A416BECA217F7E5E009D0BC9 /* MarvelCell.swift in Sources */ = {isa = PBXBuildFile; fileRef = A416BEC9217F7E5E009D0BC9 /* MarvelCell.swift */; };
		A4522D0A217FFFB900CFD167 /* vDetailMarvelController.swift in Sources */ = {isa = PBXBuildFile; fileRef = A4522D09217FFFB900CFD167 /* vDetailMarvelController.swift */; };
		A4522D0C218003A900CFD167 /* mDetailMarvel.swift in Sources */ = {isa = PBXBuildFile; fileRef = A4522D0B218003A900CFD167 /* mDetailMarvel.swift */; };
		A4522D0E218005CB00CFD167 /* DetailMarvelViewModel.swift in Sources */ = {isa = PBXBuildFile; fileRef = A4522D0D218005CB00CFD167 /* DetailMarvelViewModel.swift */; };
/* End PBXBuildFile section */

/* Begin PBXFileReference section */
		A416BE97217EA657009D0BC9 /* Farmatodo.app */ = {isa = PBXFileReference; explicitFileType = wrapper.application; includeInIndex = 0; path = Farmatodo.app; sourceTree = BUILT_PRODUCTS_DIR; };
		A416BE9A217EA657009D0BC9 /* AppDelegate.swift */ = {isa = PBXFileReference; lastKnownFileType = sourcecode.swift; path = AppDelegate.swift; sourceTree = "<group>"; };
		A416BE9C217EA657009D0BC9 /* ViewController.swift */ = {isa = PBXFileReference; lastKnownFileType = sourcecode.swift; path = ViewController.swift; sourceTree = "<group>"; };
		A416BE9F217EA657009D0BC9 /* Base */ = {isa = PBXFileReference; lastKnownFileType = file.storyboard; name = Base; path = Base.lproj/Main.storyboard; sourceTree = "<group>"; };
		A416BEA1217EA65D009D0BC9 /* Assets.xcassets */ = {isa = PBXFileReference; lastKnownFileType = folder.assetcatalog; path = Assets.xcassets; sourceTree = "<group>"; };
		A416BEA4217EA65D009D0BC9 /* Base */ = {isa = PBXFileReference; lastKnownFileType = file.storyboard; name = Base; path = Base.lproj/LaunchScreen.storyboard; sourceTree = "<group>"; };
		A416BEA6217EA65E009D0BC9 /* Info.plist */ = {isa = PBXFileReference; lastKnownFileType = text.plist.xml; path = Info.plist; sourceTree = "<group>"; };
		A416BEB0217EAB11009D0BC9 /* mStringMath.swift */ = {isa = PBXFileReference; lastKnownFileType = sourcecode.swift; path = mStringMath.swift; sourceTree = "<group>"; };
		A416BEB2217EABF5009D0BC9 /* mMarvel.swift */ = {isa = PBXFileReference; lastKnownFileType = sourcecode.swift; path = mMarvel.swift; sourceTree = "<group>"; };
		A416BEB4217EAC0C009D0BC9 /* stringMathViewModel.swift */ = {isa = PBXFileReference; lastKnownFileType = sourcecode.swift; path = stringMathViewModel.swift; sourceTree = "<group>"; };
		A416BEB6217EAC20009D0BC9 /* MarvelViewModel.swift */ = {isa = PBXFileReference; lastKnownFileType = sourcecode.swift; path = MarvelViewModel.swift; sourceTree = "<group>"; };
		A416BEB8217EAC5F009D0BC9 /* StringMathController.swift */ = {isa = PBXFileReference; lastKnownFileType = sourcecode.swift; path = StringMathController.swift; sourceTree = "<group>"; };
		A416BEBA217EAC6E009D0BC9 /* MarvelController.swift */ = {isa = PBXFileReference; lastKnownFileType = sourcecode.swift; path = MarvelController.swift; sourceTree = "<group>"; };
		A416BEBC217EAC8F009D0BC9 /* DetailMarvelController.swift */ = {isa = PBXFileReference; lastKnownFileType = sourcecode.swift; path = DetailMarvelController.swift; sourceTree = "<group>"; };
		A416BEC0217ED190009D0BC9 /* vStringMath.swift */ = {isa = PBXFileReference; lastKnownFileType = sourcecode.swift; path = vStringMath.swift; sourceTree = "<group>"; };
		A416BEC3217F64E8009D0BC9 /* vMarvelController.swift */ = {isa = PBXFileReference; lastKnownFileType = sourcecode.swift; path = vMarvelController.swift; sourceTree = "<group>"; };
		A416BEC6217F7182009D0BC9 /* MarvelService.swift */ = {isa = PBXFileReference; lastKnownFileType = sourcecode.swift; path = MarvelService.swift; sourceTree = "<group>"; };
		A416BEC9217F7E5E009D0BC9 /* MarvelCell.swift */ = {isa = PBXFileReference; lastKnownFileType = sourcecode.swift; path = MarvelCell.swift; sourceTree = "<group>"; };
		A4522D09217FFFB900CFD167 /* vDetailMarvelController.swift */ = {isa = PBXFileReference; lastKnownFileType = sourcecode.swift; path = vDetailMarvelController.swift; sourceTree = "<group>"; };
		A4522D0B218003A900CFD167 /* mDetailMarvel.swift */ = {isa = PBXFileReference; lastKnownFileType = sourcecode.swift; path = mDetailMarvel.swift; sourceTree = "<group>"; };
		A4522D0D218005CB00CFD167 /* DetailMarvelViewModel.swift */ = {isa = PBXFileReference; lastKnownFileType = sourcecode.swift; path = DetailMarvelViewModel.swift; sourceTree = "<group>"; };
		A622CBAE6FFA97C8DD0B3F97 /* Pods_Farmatodo.framework */ = {isa = PBXFileReference; explicitFileType = wrapper.framework; includeInIndex = 0; path = Pods_Farmatodo.framework; sourceTree = BUILT_PRODUCTS_DIR; };
		B04CABBCCF3E2F0464A4857E /* Pods-Farmatodo.release.xcconfig */ = {isa = PBXFileReference; includeInIndex = 1; lastKnownFileType = text.xcconfig; name = "Pods-Farmatodo.release.xcconfig"; path = "Pods/Target Support Files/Pods-Farmatodo/Pods-Farmatodo.release.xcconfig"; sourceTree = "<group>"; };
		F7B0FDDE3280C5F823F83B13 /* Pods-Farmatodo.debug.xcconfig */ = {isa = PBXFileReference; includeInIndex = 1; lastKnownFileType = text.xcconfig; name = "Pods-Farmatodo.debug.xcconfig"; path = "Pods/Target Support Files/Pods-Farmatodo/Pods-Farmatodo.debug.xcconfig"; sourceTree = "<group>"; };
/* End PBXFileReference section */

/* Begin PBXFrameworksBuildPhase section */
		A416BE94217EA657009D0BC9 /* Frameworks */ = {
			isa = PBXFrameworksBuildPhase;
			buildActionMask = 2147483647;
			files = (
				186C78F1D7257C044491BF5C /* Pods_Farmatodo.framework in Frameworks */,
			);
			runOnlyForDeploymentPostprocessing = 0;
		};
/* End PBXFrameworksBuildPhase section */

/* Begin PBXGroup section */
		5FAB78815C64F4FC9D67B9A9 /* Frameworks */ = {
			isa = PBXGroup;
			children = (
				A622CBAE6FFA97C8DD0B3F97 /* Pods_Farmatodo.framework */,
			);
			name = Frameworks;
			sourceTree = "<group>";
		};
		A416BE8E217EA657009D0BC9 = {
			isa = PBXGroup;
			children = (
				A416BE99217EA657009D0BC9 /* Farmatodo */,
				A416BE98217EA657009D0BC9 /* Products */,
				DDD2FB17C93E6A16C74F7393 /* Pods */,
				5FAB78815C64F4FC9D67B9A9 /* Frameworks */,
			);
			sourceTree = "<group>";
		};
		A416BE98217EA657009D0BC9 /* Products */ = {
			isa = PBXGroup;
			children = (
				A416BE97217EA657009D0BC9 /* Farmatodo.app */,
			);
			name = Products;
			sourceTree = "<group>";
		};
		A416BE99217EA657009D0BC9 /* Farmatodo */ = {
			isa = PBXGroup;
			children = (
				A416BEC2217F645C009D0BC9 /* service */,
				A416BEAC217EAA22009D0BC9 /* model */,
				A416BEAD217EAA29009D0BC9 /* viewModel */,
				A416BEAF217EAA47009D0BC9 /* view */,
				A416BE9A217EA657009D0BC9 /* AppDelegate.swift */,
				A416BE9C217EA657009D0BC9 /* ViewController.swift */,
				A416BE9E217EA657009D0BC9 /* Main.storyboard */,
				A416BEA1217EA65D009D0BC9 /* Assets.xcassets */,
				A416BEA3217EA65D009D0BC9 /* LaunchScreen.storyboard */,
				A416BEA6217EA65E009D0BC9 /* Info.plist */,
			);
			path = Farmatodo;
			sourceTree = "<group>";
		};
		A416BEAC217EAA22009D0BC9 /* model */ = {
			isa = PBXGroup;
			children = (
				A416BEB0217EAB11009D0BC9 /* mStringMath.swift */,
				A416BEB2217EABF5009D0BC9 /* mMarvel.swift */,
				A4522D0B218003A900CFD167 /* mDetailMarvel.swift */,
			);
			path = model;
			sourceTree = "<group>";
		};
		A416BEAD217EAA29009D0BC9 /* viewModel */ = {
			isa = PBXGroup;
			children = (
				A416BEB4217EAC0C009D0BC9 /* stringMathViewModel.swift */,
				A416BEB6217EAC20009D0BC9 /* MarvelViewModel.swift */,
				A4522D0D218005CB00CFD167 /* DetailMarvelViewModel.swift */,
			);
			path = viewModel;
			sourceTree = "<group>";
		};
		A416BEAE217EAA35009D0BC9 /* controller */ = {
			isa = PBXGroup;
			children = (
				A416BEBE217EACB3009D0BC9 /* stringMath */,
				A416BEBF217EACC6009D0BC9 /* Marvel */,
			);
			path = controller;
			sourceTree = "<group>";
		};
		A416BEAF217EAA47009D0BC9 /* view */ = {
			isa = PBXGroup;
			children = (
				A416BEC5217F7111009D0BC9 /* layout */,
				A416BEAE217EAA35009D0BC9 /* controller */,
			);
			path = view;
			sourceTree = "<group>";
		};
		A416BEBE217EACB3009D0BC9 /* stringMath */ = {
			isa = PBXGroup;
			children = (
				A416BEB8217EAC5F009D0BC9 /* StringMathController.swift */,
			);
			path = stringMath;
			sourceTree = "<group>";
		};
		A416BEBF217EACC6009D0BC9 /* Marvel */ = {
			isa = PBXGroup;
			children = (
				A416BEBA217EAC6E009D0BC9 /* MarvelController.swift */,
				A416BEBC217EAC8F009D0BC9 /* DetailMarvelController.swift */,
			);
			path = Marvel;
			sourceTree = "<group>";
		};
		A416BEC2217F645C009D0BC9 /* service */ = {
			isa = PBXGroup;
			children = (
				A416BEC6217F7182009D0BC9 /* MarvelService.swift */,
			);
			path = service;
			sourceTree = "<group>";
		};
		A416BEC5217F7111009D0BC9 /* layout */ = {
			isa = PBXGroup;
			children = (
				A416BEC8217F7E43009D0BC9 /* cell */,
				A416BEC0217ED190009D0BC9 /* vStringMath.swift */,
				A416BEC3217F64E8009D0BC9 /* vMarvelController.swift */,
				A4522D09217FFFB900CFD167 /* vDetailMarvelController.swift */,
			);
			path = layout;
			sourceTree = "<group>";
		};
		A416BEC8217F7E43009D0BC9 /* cell */ = {
			isa = PBXGroup;
			children = (
				A416BEC9217F7E5E009D0BC9 /* MarvelCell.swift */,
			);
			path = cell;
			sourceTree = "<group>";
		};
		DDD2FB17C93E6A16C74F7393 /* Pods */ = {
			isa = PBXGroup;
			children = (
				F7B0FDDE3280C5F823F83B13 /* Pods-Farmatodo.debug.xcconfig */,
				B04CABBCCF3E2F0464A4857E /* Pods-Farmatodo.release.xcconfig */,
			);
			name = Pods;
			sourceTree = "<group>";
		};
/* End PBXGroup section */

/* Begin PBXNativeTarget section */
		A416BE96217EA657009D0BC9 /* Farmatodo */ = {
			isa = PBXNativeTarget;
			buildConfigurationList = A416BEA9217EA65E009D0BC9 /* Build configuration list for PBXNativeTarget "Farmatodo" */;
			buildPhases = (
				B8D5F48CE5B264C1127AB026 /* [CP] Check Pods Manifest.lock */,
				A416BE93217EA657009D0BC9 /* Sources */,
				A416BE94217EA657009D0BC9 /* Frameworks */,
				A416BE95217EA657009D0BC9 /* Resources */,
				8AAB5869A520486486971C63 /* [CP] Embed Pods Frameworks */,
			);
			buildRules = (
			);
			dependencies = (
			);
			name = Farmatodo;
			productName = Farmatodo;
			productReference = A416BE97217EA657009D0BC9 /* Farmatodo.app */;
			productType = "com.apple.product-type.application";
		};
/* End PBXNativeTarget section */

/* Begin PBXProject section */
		A416BE8F217EA657009D0BC9 /* Project object */ = {
			isa = PBXProject;
			attributes = {
				LastSwiftUpdateCheck = 1000;
				LastUpgradeCheck = 1000;
				ORGANIZATIONNAME = "Elitedsh S.A.S";
				TargetAttributes = {
					A416BE96217EA657009D0BC9 = {
						CreatedOnToolsVersion = 10.0;
					};
				};
			};
			buildConfigurationList = A416BE92217EA657009D0BC9 /* Build configuration list for PBXProject "Farmatodo" */;
			compatibilityVersion = "Xcode 9.3";
			developmentRegion = en;
			hasScannedForEncodings = 0;
			knownRegions = (
				en,
				Base,
			);
			mainGroup = A416BE8E217EA657009D0BC9;
			productRefGroup = A416BE98217EA657009D0BC9 /* Products */;
			projectDirPath = "";
			projectRoot = "";
			targets = (
				A416BE96217EA657009D0BC9 /* Farmatodo */,
			);
		};
/* End PBXProject section */

/* Begin PBXResourcesBuildPhase section */
		A416BE95217EA657009D0BC9 /* Resources */ = {
			isa = PBXResourcesBuildPhase;
			buildActionMask = 2147483647;
			files = (
				A416BEA5217EA65D009D0BC9 /* LaunchScreen.storyboard in Resources */,
				A416BEA2217EA65D009D0BC9 /* Assets.xcassets in Resources */,
				A416BEA0217EA657009D0BC9 /* Main.storyboard in Resources */,
			);
			runOnlyForDeploymentPostprocessing = 0;
		};
/* End PBXResourcesBuildPhase section */

/* Begin PBXShellScriptBuildPhase section */
		8AAB5869A520486486971C63 /* [CP] Embed Pods Frameworks */ = {
			isa = PBXShellScriptBuildPhase;
			buildActionMask = 2147483647;
			files = (
			);
			inputPaths = (
				"${SRCROOT}/Pods/Target Support Files/Pods-Farmatodo/Pods-Farmatodo-frameworks.sh",
				"${BUILT_PRODUCTS_DIR}/Alamofire/Alamofire.framework",
				"${BUILT_PRODUCTS_DIR}/SDWebImage/SDWebImage.framework",
				"${BUILT_PRODUCTS_DIR}/SwiftyJSON/SwiftyJSON.framework",
				"${BUILT_PRODUCTS_DIR}/libwebp/libwebp.framework",
			);
			name = "[CP] Embed Pods Frameworks";
			outputPaths = (
				"${TARGET_BUILD_DIR}/${FRAMEWORKS_FOLDER_PATH}/Alamofire.framework",
				"${TARGET_BUILD_DIR}/${FRAMEWORKS_FOLDER_PATH}/SDWebImage.framework",
				"${TARGET_BUILD_DIR}/${FRAMEWORKS_FOLDER_PATH}/SwiftyJSON.framework",
				"${TARGET_BUILD_DIR}/${FRAMEWORKS_FOLDER_PATH}/libwebp.framework",
			);
			runOnlyForDeploymentPostprocessing = 0;
			shellPath = /bin/sh;
			shellScript = "\"${SRCROOT}/Pods/Target Support Files/Pods-Farmatodo/Pods-Farmatodo-frameworks.sh\"\n";
			showEnvVarsInLog = 0;
		};
		B8D5F48CE5B264C1127AB026 /* [CP] Check Pods Manifest.lock */ = {
			isa = PBXShellScriptBuildPhase;
			buildActionMask = 2147483647;
			files = (
			);
			inputPaths = (
				"${PODS_PODFILE_DIR_PATH}/Podfile.lock",
				"${PODS_ROOT}/Manifest.lock",
			);
			name = "[CP] Check Pods Manifest.lock";
			outputPaths = (
				"$(DERIVED_FILE_DIR)/Pods-Farmatodo-checkManifestLockResult.txt",
			);
			runOnlyForDeploymentPostprocessing = 0;
			shellPath = /bin/sh;
			shellScript = "diff \"${PODS_PODFILE_DIR_PATH}/Podfile.lock\" \"${PODS_ROOT}/Manifest.lock\" > /dev/null\nif [ $? != 0 ] ; then\n    # print error to STDERR\n    echo \"error: The sandbox is not in sync with the Podfile.lock. Run 'pod install' or update your CocoaPods installation.\" >&2\n    exit 1\nfi\n# This output is used by Xcode 'outputs' to avoid re-running this script phase.\necho \"SUCCESS\" > \"${SCRIPT_OUTPUT_FILE_0}\"\n";
			showEnvVarsInLog = 0;
		};
/* End PBXShellScriptBuildPhase section */

/* Begin PBXSourcesBuildPhase section */
		A416BE93217EA657009D0BC9 /* Sources */ = {
			isa = PBXSourcesBuildPhase;
			buildActionMask = 2147483647;
			files = (
				A416BEB3217EABF5009D0BC9 /* mMarvel.swift in Sources */,
				A416BE9D217EA657009D0BC9 /* ViewController.swift in Sources */,
				A416BEB1217EAB11009D0BC9 /* mStringMath.swift in Sources */,
				A416BEB5217EAC0C009D0BC9 /* stringMathViewModel.swift in Sources */,
				A416BEBD217EAC8F009D0BC9 /* DetailMarvelController.swift in Sources */,
				A416BEBB217EAC6E009D0BC9 /* MarvelController.swift in Sources */,
				A416BECA217F7E5E009D0BC9 /* MarvelCell.swift in Sources */,
				A4522D0C218003A900CFD167 /* mDetailMarvel.swift in Sources */,
				A416BEB9217EAC5F009D0BC9 /* StringMathController.swift in Sources */,
				A416BEC1217ED190009D0BC9 /* vStringMath.swift in Sources */,
				A416BE9B217EA657009D0BC9 /* AppDelegate.swift in Sources */,
				A416BEB7217EAC20009D0BC9 /* MarvelViewModel.swift in Sources */,
				A4522D0E218005CB00CFD167 /* DetailMarvelViewModel.swift in Sources */,
				A416BEC7217F7182009D0BC9 /* MarvelService.swift in Sources */,
				A4522D0A217FFFB900CFD167 /* vDetailMarvelController.swift in Sources */,
				A416BEC4217F64E8009D0BC9 /* vMarvelController.swift in Sources */,
			);
			runOnlyForDeploymentPostprocessing = 0;
		};
/* End PBXSourcesBuildPhase section */

/* Begin PBXVariantGroup section */
		A416BE9E217EA657009D0BC9 /* Main.storyboard */ = {
			isa = PBXVariantGroup;
			children = (
				A416BE9F217EA657009D0BC9 /* Base */,
			);
			name = Main.storyboard;
			sourceTree = "<group>";
		};
		A416BEA3217EA65D009D0BC9 /* LaunchScreen.storyboard */ = {
			isa = PBXVariantGroup;
			children = (
				A416BEA4217EA65D009D0BC9 /* Base */,
			);
			name = LaunchScreen.storyboard;
			sourceTree = "<group>";
		};
/* End PBXVariantGroup section */

/* Begin XCBuildConfiguration section */
		A416BEA7217EA65E009D0BC9 /* Debug */ = {
			isa = XCBuildConfiguration;
			buildSettings = {
				ALWAYS_SEARCH_USER_PATHS = NO;
				CLANG_ANALYZER_NONNULL = YES;
				CLANG_ANALYZER_NUMBER_OBJECT_CONVERSION = YES_AGGRESSIVE;
				CLANG_CXX_LANGUAGE_STANDARD = "gnu++14";
				CLANG_CXX_LIBRARY = "libc++";
				CLANG_ENABLE_MODULES = YES;
				CLANG_ENABLE_OBJC_ARC = YES;
				CLANG_ENABLE_OBJC_WEAK = YES;
				CLANG_WARN_BLOCK_CAPTURE_AUTORELEASING = YES;
				CLANG_WARN_BOOL_CONVERSION = YES;
				CLANG_WARN_COMMA = YES;
				CLANG_WARN_CONSTANT_CONVERSION = YES;
				CLANG_WARN_DEPRECATED_OBJC_IMPLEMENTATIONS = YES;
				CLANG_WARN_DIRECT_OBJC_ISA_USAGE = YES_ERROR;
				CLANG_WARN_DOCUMENTATION_COMMENTS = YES;
				CLANG_WARN_EMPTY_BODY = YES;
				CLANG_WARN_ENUM_CONVERSION = YES;
				CLANG_WARN_INFINITE_RECURSION = YES;
				CLANG_WARN_INT_CONVERSION = YES;
				CLANG_WARN_NON_LITERAL_NULL_CONVERSION = YES;
				CLANG_WARN_OBJC_IMPLICIT_RETAIN_SELF = YES;
				CLANG_WARN_OBJC_LITERAL_CONVERSION = YES;
				CLANG_WARN_OBJC_ROOT_CLASS = YES_ERROR;
				CLANG_WARN_RANGE_LOOP_ANALYSIS = YES;
				CLANG_WARN_STRICT_PROTOTYPES = YES;
				CLANG_WARN_SUSPICIOUS_MOVE = YES;
				CLANG_WARN_UNGUARDED_AVAILABILITY = YES_AGGRESSIVE;
				CLANG_WARN_UNREACHABLE_CODE = YES;
				CLANG_WARN__DUPLICATE_METHOD_MATCH = YES;
				CODE_SIGN_IDENTITY = "iPhone Developer";
				COPY_PHASE_STRIP = NO;
				DEBUG_INFORMATION_FORMAT = dwarf;
				ENABLE_STRICT_OBJC_MSGSEND = YES;
				ENABLE_TESTABILITY = YES;
				GCC_C_LANGUAGE_STANDARD = gnu11;
				GCC_DYNAMIC_NO_PIC = NO;
				GCC_NO_COMMON_BLOCKS = YES;
				GCC_OPTIMIZATION_LEVEL = 0;
				GCC_PREPROCESSOR_DEFINITIONS = (
					"DEBUG=1",
					"$(inherited)",
				);
				GCC_WARN_64_TO_32_BIT_CONVERSION = YES;
				GCC_WARN_ABOUT_RETURN_TYPE = YES_ERROR;
				GCC_WARN_UNDECLARED_SELECTOR = YES;
				GCC_WARN_UNINITIALIZED_AUTOS = YES_AGGRESSIVE;
				GCC_WARN_UNUSED_FUNCTION = YES;
				GCC_WARN_UNUSED_VARIABLE = YES;
				IPHONEOS_DEPLOYMENT_TARGET = 12.0;
				MTL_ENABLE_DEBUG_INFO = INCLUDE_SOURCE;
				ONLY_ACTIVE_ARCH = YES;
				SDKROOT = iphoneos;
				SWIFT_ACTIVE_COMPILATION_CONDITIONS = DEBUG;
				SWIFT_OPTIMIZATION_LEVEL = "-Onone";
			};
			name = Debug;
		};
		A416BEA8217EA65E009D0BC9 /* Release */ = {
			isa = XCBuildConfiguration;
			buildSettings = {
				ALWAYS_SEARCH_USER_PATHS = NO;
				CLANG_ANALYZER_NONNULL = YES;
				CLANG_ANALYZER_NUMBER_OBJECT_CONVERSION = YES_AGGRESSIVE;
				CLANG_CXX_LANGUAGE_STANDARD = "gnu++14";
				CLANG_CXX_LIBRARY = "libc++";
				CLANG_ENABLE_MODULES = YES;
				CLANG_ENABLE_OBJC_ARC = YES;
				CLANG_ENABLE_OBJC_WEAK = YES;
				CLANG_WARN_BLOCK_CAPTURE_AUTORELEASING = YES;
				CLANG_WARN_BOOL_CONVERSION = YES;
				CLANG_WARN_COMMA = YES;
				CLANG_WARN_CONSTANT_CONVERSION = YES;
				CLANG_WARN_DEPRECATED_OBJC_IMPLEMENTATIONS = YES;
				CLANG_WARN_DIRECT_OBJC_ISA_USAGE = YES_ERROR;
				CLANG_WARN_DOCUMENTATION_COMMENTS = YES;
				CLANG_WARN_EMPTY_BODY = YES;
				CLANG_WARN_ENUM_CONVERSION = YES;
				CLANG_WARN_INFINITE_RECURSION = YES;
				CLANG_WARN_INT_CONVERSION = YES;
				CLANG_WARN_NON_LITERAL_NULL_CONVERSION = YES;
				CLANG_WARN_OBJC_IMPLICIT_RETAIN_SELF = YES;
				CLANG_WARN_OBJC_LITERAL_CONVERSION = YES;
				CLANG_WARN_OBJC_ROOT_CLASS = YES_ERROR;
				CLANG_WARN_RANGE_LOOP_ANALYSIS = YES;
				CLANG_WARN_STRICT_PROTOTYPES = YES;
				CLANG_WARN_SUSPICIOUS_MOVE = YES;
				CLANG_WARN_UNGUARDED_AVAILABILITY = YES_AGGRESSIVE;
				CLANG_WARN_UNREACHABLE_CODE = YES;
				CLANG_WARN__DUPLICATE_METHOD_MATCH = YES;
				CODE_SIGN_IDENTITY = "iPhone Developer";
				COPY_PHASE_STRIP = NO;
				DEBUG_INFORMATION_FORMAT = "dwarf-with-dsym";
				ENABLE_NS_ASSERTIONS = NO;
				ENABLE_STRICT_OBJC_MSGSEND = YES;
				GCC_C_LANGUAGE_STANDARD = gnu11;
				GCC_NO_COMMON_BLOCKS = YES;
				GCC_WARN_64_TO_32_BIT_CONVERSION = YES;
				GCC_WARN_ABOUT_RETURN_TYPE = YES_ERROR;
				GCC_WARN_UNDECLARED_SELECTOR = YES;
				GCC_WARN_UNINITIALIZED_AUTOS = YES_AGGRESSIVE;
				GCC_WARN_UNUSED_FUNCTION = YES;
				GCC_WARN_UNUSED_VARIABLE = YES;
				IPHONEOS_DEPLOYMENT_TARGET = 12.0;
				MTL_ENABLE_DEBUG_INFO = NO;
				SDKROOT = iphoneos;
				SWIFT_COMPILATION_MODE = wholemodule;
				SWIFT_OPTIMIZATION_LEVEL = "-O";
				VALIDATE_PRODUCT = YES;
			};
			name = Release;
		};
		A416BEAA217EA65E009D0BC9 /* Debug */ = {
			isa = XCBuildConfiguration;
			baseConfigurationReference = F7B0FDDE3280C5F823F83B13 /* Pods-Farmatodo.debug.xcconfig */;
			buildSettings = {
				ASSETCATALOG_COMPILER_APPICON_NAME = AppIcon;
				CODE_SIGN_STYLE = Automatic;
				DEVELOPMENT_TEAM = K4Z75SL8Y9;
				INFOPLIST_FILE = Farmatodo/Info.plist;
				LD_RUNPATH_SEARCH_PATHS = (
					"$(inherited)",
					"@executable_path/Frameworks",
				);
				PRODUCT_BUNDLE_IDENTIFIER = Elitedsh.Farmatodo;
				PRODUCT_NAME = "$(TARGET_NAME)";
				SWIFT_VERSION = 4.2;
				TARGETED_DEVICE_FAMILY = "1,2";
			};
			name = Debug;
		};
		A416BEAB217EA65E009D0BC9 /* Release */ = {
			isa = XCBuildConfiguration;
			baseConfigurationReference = B04CABBCCF3E2F0464A4857E /* Pods-Farmatodo.release.xcconfig */;
			buildSettings = {
				ASSETCATALOG_COMPILER_APPICON_NAME = AppIcon;
				CODE_SIGN_STYLE = Automatic;
				DEVELOPMENT_TEAM = K4Z75SL8Y9;
				INFOPLIST_FILE = Farmatodo/Info.plist;
				LD_RUNPATH_SEARCH_PATHS = (
					"$(inherited)",
					"@executable_path/Frameworks",
				);
				PRODUCT_BUNDLE_IDENTIFIER = Elitedsh.Farmatodo;
				PRODUCT_NAME = "$(TARGET_NAME)";
				SWIFT_VERSION = 4.2;
				TARGETED_DEVICE_FAMILY = "1,2";
			};
			name = Release;
		};
/* End XCBuildConfiguration section */

/* Begin XCConfigurationList section */
		A416BE92217EA657009D0BC9 /* Build configuration list for PBXProject "Farmatodo" */ = {
			isa = XCConfigurationList;
			buildConfigurations = (
				A416BEA7217EA65E009D0BC9 /* Debug */,
				A416BEA8217EA65E009D0BC9 /* Release */,
			);
			defaultConfigurationIsVisible = 0;
			defaultConfigurationName = Release;
		};
		A416BEA9217EA65E009D0BC9 /* Build configuration list for PBXNativeTarget "Farmatodo" */ = {
			isa = XCConfigurationList;
			buildConfigurations = (
				A416BEAA217EA65E009D0BC9 /* Debug */,
				A416BEAB217EA65E009D0BC9 /* Release */,
			);
			defaultConfigurationIsVisible = 0;
			defaultConfigurationName = Release;
		};
/* End XCConfigurationList section */
	};
	rootObject = A416BE8F217EA657009D0BC9 /* Project object */;
}
